
Microsoft Visual Studio Solution File, Format Version 12.00
# Visual Studio Version 17
VisualStudioVersion = 17.8.34322.80
MinimumVisualStudioVersion = 10.0.40219.1
Project("{FAE04EC0-301F-11D3-BF4B-00C04F79EFBC}") = "Skeleton", "Skeleton.csproj", "{F738A272-C90E-4ACF-95D2-E5B435DFB595}"
EndProject
Global
	GlobalSection(SolutionConfigurationPlatforms) = preSolution
		Debug|Any CPU = Debug|Any CPU
		Release|Any CPU = Release|Any CPU
	EndGlobalSection
	GlobalSection(ProjectConfigurationPlatforms) = postSolution
		{F738A272-C90E-4ACF-95D2-E5B435DFB595}.Debug|Any CPU.ActiveCfg = Debug|Any CPU
		{F738A272-C90E-4ACF-95D2-E5B435DFB595}.Debug|Any CPU.Build.0 = Debug|Any CPU
		{F738A272-C90E-4ACF-95D2-E5B435DFB595}.Release|Any CPU.ActiveCfg = Release|Any CPU
		{F738A272-C90E-4ACF-95D2-E5B435DFB595}.Release|Any CPU.Build.0 = Release|Any CPU
	EndGlobalSection
	GlobalSection(SolutionProperties) = preSolution
		HideSolutionNode = FALSE
	EndGlobalSection
	GlobalSection(ExtensibilityGlobals) = postSolution
		SolutionGuid = {41F6D65F-7E9A-4D1A-BED1-227D7E027898}
	EndGlobalSection
EndGlobal
