
Microsoft Visual Studio Solution File, Format Version 12.00
# Visual Studio Version 17
VisualStudioVersion = 17.8.34322.80
MinimumVisualStudioVersion = 10.0.40219.1
Project("{FAE04EC0-301F-11D3-BF4B-00C04F79EFBC}") = "Day3", "Day3.csproj", "{23C33BF5-161C-4D19-8905-44933CBFAA72}"
EndProject
Global
	GlobalSection(SolutionConfigurationPlatforms) = preSolution
		Debug|Any CPU = Debug|Any CPU
		Release|Any CPU = Release|Any CPU
	EndGlobalSection
	GlobalSection(ProjectConfigurationPlatforms) = postSolution
		{23C33BF5-161C-4D19-8905-44933CBFAA72}.Debug|Any CPU.ActiveCfg = Debug|Any CPU
		{23C33BF5-161C-4D19-8905-44933CBFAA72}.Debug|Any CPU.Build.0 = Debug|Any CPU
		{23C33BF5-161C-4D19-8905-44933CBFAA72}.Release|Any CPU.ActiveCfg = Release|Any CPU
		{23C33BF5-161C-4D19-8905-44933CBFAA72}.Release|Any CPU.Build.0 = Release|Any CPU
	EndGlobalSection
	GlobalSection(SolutionProperties) = preSolution
		HideSolutionNode = FALSE
	EndGlobalSection
	GlobalSection(ExtensibilityGlobals) = postSolution
		SolutionGuid = {B420C039-8A1A-47ED-A889-740BFFD0DB0C}
	EndGlobalSection
EndGlobal
